
Microsoft Visual Studio Solution File, Format Version 12.00
# Visual Studio Version 17
VisualStudioVersion = 17.3.32922.545
MinimumVisualStudioVersion = 10.0.40219.1
Project("{FAE04EC0-301F-11D3-BF4B-00C04F79EFBC}") = "JaProj", "JaProj\JaProj.csproj", "{E2287205-7201-480A-97B3-80BFA11E2F60}"
	ProjectSection(ProjectDependencies) = postProject
		{ABF1F519-7478-4ECE-9E3A-A565610F73C5} = {ABF1F519-7478-4ECE-9E3A-A565610F73C5}
	EndProjectSection
EndProject
Project("{8BC9CEB8-8B4A-11D0-8D11-00A0C91BC942}") = "JAAsm", "JAAsm\JAAsm.vcxproj", "{ABF1F519-7478-4ECE-9E3A-A565610F73C5}"
EndProject
Project("{FAE04EC0-301F-11D3-BF4B-00C04F79EFBC}") = "Gauss", "Gauss\Gauss.csproj", "{72625974-39B8-4B90-B2F7-627AEF81D864}"
EndProject
Global
	GlobalSection(SolutionConfigurationPlatforms) = preSolution
		Debug|Any CPU = Debug|Any CPU
		Debug|x64 = Debug|x64
		Debug|x86 = Debug|x86
		Release|Any CPU = Release|Any CPU
		Release|x64 = Release|x64
		Release|x86 = Release|x86
	EndGlobalSection
	GlobalSection(ProjectConfigurationPlatforms) = postSolution
		{E2287205-7201-480A-97B3-80BFA11E2F60}.Debug|Any CPU.ActiveCfg = Debug|Any CPU
		{E2287205-7201-480A-97B3-80BFA11E2F60}.Debug|Any CPU.Build.0 = Debug|Any CPU
		{E2287205-7201-480A-97B3-80BFA11E2F60}.Debug|x64.ActiveCfg = Debug|x64
		{E2287205-7201-480A-97B3-80BFA11E2F60}.Debug|x64.Build.0 = Debug|x64
		{E2287205-7201-480A-97B3-80BFA11E2F60}.Debug|x86.ActiveCfg = Debug|Any CPU
		{E2287205-7201-480A-97B3-80BFA11E2F60}.Debug|x86.Build.0 = Debug|Any CPU
		{E2287205-7201-480A-97B3-80BFA11E2F60}.Release|Any CPU.ActiveCfg = Release|Any CPU
		{E2287205-7201-480A-97B3-80BFA11E2F60}.Release|Any CPU.Build.0 = Release|Any CPU
		{E2287205-7201-480A-97B3-80BFA11E2F60}.Release|x64.ActiveCfg = Release|x64
		{E2287205-7201-480A-97B3-80BFA11E2F60}.Release|x64.Build.0 = Release|x64
		{E2287205-7201-480A-97B3-80BFA11E2F60}.Release|x86.ActiveCfg = Release|Any CPU
		{E2287205-7201-480A-97B3-80BFA11E2F60}.Release|x86.Build.0 = Release|Any CPU
		{ABF1F519-7478-4ECE-9E3A-A565610F73C5}.Debug|Any CPU.ActiveCfg = Debug|x64
		{ABF1F519-7478-4ECE-9E3A-A565610F73C5}.Debug|Any CPU.Build.0 = Debug|x64
		{ABF1F519-7478-4ECE-9E3A-A565610F73C5}.Debug|x64.ActiveCfg = Debug|x64
		{ABF1F519-7478-4ECE-9E3A-A565610F73C5}.Debug|x64.Build.0 = Debug|x64
		{ABF1F519-7478-4ECE-9E3A-A565610F73C5}.Debug|x86.ActiveCfg = Debug|Win32
		{ABF1F519-7478-4ECE-9E3A-A565610F73C5}.Debug|x86.Build.0 = Debug|Win32
		{ABF1F519-7478-4ECE-9E3A-A565610F73C5}.Release|Any CPU.ActiveCfg = Release|x64
		{ABF1F519-7478-4ECE-9E3A-A565610F73C5}.Release|Any CPU.Build.0 = Release|x64
		{ABF1F519-7478-4ECE-9E3A-A565610F73C5}.Release|x64.ActiveCfg = Release|x64
		{ABF1F519-7478-4ECE-9E3A-A565610F73C5}.Release|x64.Build.0 = Release|x64
		{ABF1F519-7478-4ECE-9E3A-A565610F73C5}.Release|x86.ActiveCfg = Release|Win32
		{ABF1F519-7478-4ECE-9E3A-A565610F73C5}.Release|x86.Build.0 = Release|Win32
		{72625974-39B8-4B90-B2F7-627AEF81D864}.Debug|Any CPU.ActiveCfg = Debug|Any CPU
		{72625974-39B8-4B90-B2F7-627AEF81D864}.Debug|Any CPU.Build.0 = Debug|Any CPU
		{72625974-39B8-4B90-B2F7-627AEF81D864}.Debug|x64.ActiveCfg = Debug|Any CPU
		{72625974-39B8-4B90-B2F7-627AEF81D864}.Debug|x64.Build.0 = Debug|Any CPU
		{72625974-39B8-4B90-B2F7-627AEF81D864}.Debug|x86.ActiveCfg = Debug|Any CPU
		{72625974-39B8-4B90-B2F7-627AEF81D864}.Debug|x86.Build.0 = Debug|Any CPU
		{72625974-39B8-4B90-B2F7-627AEF81D864}.Release|Any CPU.ActiveCfg = Release|Any CPU
		{72625974-39B8-4B90-B2F7-627AEF81D864}.Release|Any CPU.Build.0 = Release|Any CPU
		{72625974-39B8-4B90-B2F7-627AEF81D864}.Release|x64.ActiveCfg = Release|x64
		{72625974-39B8-4B90-B2F7-627AEF81D864}.Release|x64.Build.0 = Release|x64
		{72625974-39B8-4B90-B2F7-627AEF81D864}.Release|x86.ActiveCfg = Release|Any CPU
		{72625974-39B8-4B90-B2F7-627AEF81D864}.Release|x86.Build.0 = Release|Any CPU
	EndGlobalSection
	GlobalSection(SolutionProperties) = preSolution
		HideSolutionNode = FALSE
	EndGlobalSection
	GlobalSection(ExtensibilityGlobals) = postSolution
		SolutionGuid = {9FB6E5E5-B8F4-41F9-8CA4-892E9025946F}
	EndGlobalSection
EndGlobal
